
Microsoft Visual Studio Solution File, Format Version 12.00
# Visual Studio Version 16
VisualStudioVersion = 16.0.30717.126
MinimumVisualStudioVersion = 10.0.40219.1
Project("{F184B08F-C81C-45F6-A57F-5ABD9991F28F}") = "RegExp", "RegExp\RegExp.vbproj", "{0B7F45DC-BA36-4CEE-A482-8BA53BEB61F3}"
EndProject
Global
	GlobalSection(SolutionConfigurationPlatforms) = preSolution
		Debug|Any CPU = Debug|Any CPU
		Release|Any CPU = Release|Any CPU
	EndGlobalSection
	GlobalSection(ProjectConfigurationPlatforms) = postSolution
		{0B7F45DC-BA36-4CEE-A482-8BA53BEB61F3}.Debug|Any CPU.ActiveCfg = Debug|Any CPU
		{0B7F45DC-BA36-4CEE-A482-8BA53BEB61F3}.Debug|Any CPU.Build.0 = Debug|Any CPU
		{0B7F45DC-BA36-4CEE-A482-8BA53BEB61F3}.Release|Any CPU.ActiveCfg = Release|Any CPU
		{0B7F45DC-BA36-4CEE-A482-8BA53BEB61F3}.Release|Any CPU.Build.0 = Release|Any CPU
	EndGlobalSection
	GlobalSection(SolutionProperties) = preSolution
		HideSolutionNode = FALSE
	EndGlobalSection
	GlobalSection(ExtensibilityGlobals) = postSolution
		SolutionGuid = {5CD3A1A6-4FBC-4A40-97E1-B838C10E01B2}
	EndGlobalSection
EndGlobal
